
Microsoft Visual Studio Solution File, Format Version 12.00
# Visual Studio Version 17
VisualStudioVersion = 17.8.34330.188
MinimumVisualStudioVersion = 10.0.40219.1
Project("{FAE04EC0-301F-11D3-BF4B-00C04F79EFBC}") = "MouseMaze", "MouseMaze.csproj", "{C704BDFF-18B9-40EF-B137-3C0DFE8CD689}"
EndProject
Global
	GlobalSection(SolutionConfigurationPlatforms) = preSolution
		Debug|Any CPU = Debug|Any CPU
		Release|Any CPU = Release|Any CPU
	EndGlobalSection
	GlobalSection(ProjectConfigurationPlatforms) = postSolution
		{C704BDFF-18B9-40EF-B137-3C0DFE8CD689}.Debug|Any CPU.ActiveCfg = Debug|Any CPU
		{C704BDFF-18B9-40EF-B137-3C0DFE8CD689}.Debug|Any CPU.Build.0 = Debug|Any CPU
		{C704BDFF-18B9-40EF-B137-3C0DFE8CD689}.Release|Any CPU.ActiveCfg = Release|Any CPU
		{C704BDFF-18B9-40EF-B137-3C0DFE8CD689}.Release|Any CPU.Build.0 = Release|Any CPU
	EndGlobalSection
	GlobalSection(SolutionProperties) = preSolution
		HideSolutionNode = FALSE
	EndGlobalSection
	GlobalSection(ExtensibilityGlobals) = postSolution
		SolutionGuid = {5EB0C43D-9ACB-4557-85CC-0F58B9E0E888}
	EndGlobalSection
EndGlobal
